Microsoft Visual Studio Solution File, Format Version 12.00
# Visual Studio 2012
Project("{FAE04EC0-301F-11D3-BF4B-00C04F79EFBC}") = "Yamin projekt", "Yamin projekt.csproj", "{CA9DEB40-4825-4755-ABE9-394D48B2C43C}"
EndProject
Global
	GlobalSection(SolutionConfigurationPlatforms) = preSolution
	Debug|Any CPU = Debug|Any CPU
	ExportDebug|Any CPU = ExportDebug|Any CPU
	ExportRelease|Any CPU = ExportRelease|Any CPU
	EndGlobalSection
	GlobalSection(ProjectConfigurationPlatforms) = postSolution
		{CA9DEB40-4825-4755-ABE9-394D48B2C43C}.Debug|Any CPU.ActiveCfg = Debug|Any CPU
		{CA9DEB40-4825-4755-ABE9-394D48B2C43C}.Debug|Any CPU.Build.0 = Debug|Any CPU
		{CA9DEB40-4825-4755-ABE9-394D48B2C43C}.ExportDebug|Any CPU.ActiveCfg = ExportDebug|Any CPU
		{CA9DEB40-4825-4755-ABE9-394D48B2C43C}.ExportDebug|Any CPU.Build.0 = ExportDebug|Any CPU
		{CA9DEB40-4825-4755-ABE9-394D48B2C43C}.ExportRelease|Any CPU.ActiveCfg = ExportRelease|Any CPU
		{CA9DEB40-4825-4755-ABE9-394D48B2C43C}.ExportRelease|Any CPU.Build.0 = ExportRelease|Any CPU
	EndGlobalSection
EndGlobal
